
Microsoft Visual Studio Solution File, Format Version 12.00
# Visual Studio 2012
Project("{FAE04EC0-301F-11D3-BF4B-00C04F79EFBC}") = "T01_ExtendCableNetwork", "T01_ExtendCableNetwork\T01_ExtendCableNetwork.csproj", "{252E38F2-1F0C-4FE7-88F8-2556459A0D97}"
EndProject
Project("{FAE04EC0-301F-11D3-BF4B-00C04F79EFBC}") = "T03_MosrReliablePath", "T03_MosrReliablePath\T03_MosrReliablePath.csproj", "{1155321C-F710-4D4D-8E89-70F4F910FB58}"
EndProject
Global
	GlobalSection(SolutionConfigurationPlatforms) = preSolution
		Debug|Any CPU = Debug|Any CPU
		Release|Any CPU = Release|Any CPU
	EndGlobalSection
	GlobalSection(ProjectConfigurationPlatforms) = postSolution
		{252E38F2-1F0C-4FE7-88F8-2556459A0D97}.Debug|Any CPU.ActiveCfg = Debug|Any CPU
		{252E38F2-1F0C-4FE7-88F8-2556459A0D97}.Debug|Any CPU.Build.0 = Debug|Any CPU
		{252E38F2-1F0C-4FE7-88F8-2556459A0D97}.Release|Any CPU.ActiveCfg = Release|Any CPU
		{252E38F2-1F0C-4FE7-88F8-2556459A0D97}.Release|Any CPU.Build.0 = Release|Any CPU
		{1155321C-F710-4D4D-8E89-70F4F910FB58}.Debug|Any CPU.ActiveCfg = Debug|Any CPU
		{1155321C-F710-4D4D-8E89-70F4F910FB58}.Debug|Any CPU.Build.0 = Debug|Any CPU
		{1155321C-F710-4D4D-8E89-70F4F910FB58}.Release|Any CPU.ActiveCfg = Release|Any CPU
		{1155321C-F710-4D4D-8E89-70F4F910FB58}.Release|Any CPU.Build.0 = Release|Any CPU
	EndGlobalSection
	GlobalSection(SolutionProperties) = preSolution
		HideSolutionNode = FALSE
	EndGlobalSection
EndGlobal
