
Microsoft Visual Studio Solution File, Format Version 12.00
# Visual Studio 2012
Project("{FAE04EC0-301F-11D3-BF4B-00C04F79EFBC}") = "T01_Distance between Vertices", "T01_Distance between Vertices\T01_Distance between Vertices.csproj", "{78D7E512-30CB-426C-8A32-5B2CA1A9B766}"
EndProject
Project("{FAE04EC0-301F-11D3-BF4B-00C04F79EFBC}") = "T02_AreasInMatrix", "T02_AreasInMatrix\T02_AreasInMatrix.csproj", "{CE113369-C513-4121-ACF9-3A45F4DDEFF1}"
EndProject
Project("{FAE04EC0-301F-11D3-BF4B-00C04F79EFBC}") = "T03_CyclesInGraph", "T03_CyclesInGraph\T03_CyclesInGraph.csproj", "{6A2016EF-A4F8-4F95-92C7-AC85958F86A7}"
EndProject
Global
	GlobalSection(SolutionConfigurationPlatforms) = preSolution
		Debug|Any CPU = Debug|Any CPU
		Release|Any CPU = Release|Any CPU
	EndGlobalSection
	GlobalSection(ProjectConfigurationPlatforms) = postSolution
		{78D7E512-30CB-426C-8A32-5B2CA1A9B766}.Debug|Any CPU.ActiveCfg = Debug|Any CPU
		{78D7E512-30CB-426C-8A32-5B2CA1A9B766}.Debug|Any CPU.Build.0 = Debug|Any CPU
		{78D7E512-30CB-426C-8A32-5B2CA1A9B766}.Release|Any CPU.ActiveCfg = Release|Any CPU
		{78D7E512-30CB-426C-8A32-5B2CA1A9B766}.Release|Any CPU.Build.0 = Release|Any CPU
		{CE113369-C513-4121-ACF9-3A45F4DDEFF1}.Debug|Any CPU.ActiveCfg = Debug|Any CPU
		{CE113369-C513-4121-ACF9-3A45F4DDEFF1}.Debug|Any CPU.Build.0 = Debug|Any CPU
		{CE113369-C513-4121-ACF9-3A45F4DDEFF1}.Release|Any CPU.ActiveCfg = Release|Any CPU
		{CE113369-C513-4121-ACF9-3A45F4DDEFF1}.Release|Any CPU.Build.0 = Release|Any CPU
		{6A2016EF-A4F8-4F95-92C7-AC85958F86A7}.Debug|Any CPU.ActiveCfg = Debug|Any CPU
		{6A2016EF-A4F8-4F95-92C7-AC85958F86A7}.Debug|Any CPU.Build.0 = Debug|Any CPU
		{6A2016EF-A4F8-4F95-92C7-AC85958F86A7}.Release|Any CPU.ActiveCfg = Release|Any CPU
		{6A2016EF-A4F8-4F95-92C7-AC85958F86A7}.Release|Any CPU.Build.0 = Release|Any CPU
	EndGlobalSection
	GlobalSection(SolutionProperties) = preSolution
		HideSolutionNode = FALSE
	EndGlobalSection
EndGlobal
