
Microsoft Visual Studio Solution File, Format Version 12.00
# Visual Studio 2012
Project("{FAE04EC0-301F-11D3-BF4B-00C04F79EFBC}") = "T01_Binomial Coeficients", "T01_Binomial Coeficients\T01_Binomial Coeficients.csproj", "{2744C301-8609-4EE6-AC34-34A7F006ECE1}"
EndProject
Project("{FAE04EC0-301F-11D3-BF4B-00C04F79EFBC}") = "T02_LongestZigZagSubSeq", "T02_LongestZigZagSubSeq\T02_LongestZigZagSubSeq.csproj", "{E6E0BD40-395C-40CD-A276-D63D2CCFBB56}"
EndProject
Global
	GlobalSection(SolutionConfigurationPlatforms) = preSolution
		Debug|Any CPU = Debug|Any CPU
		Release|Any CPU = Release|Any CPU
	EndGlobalSection
	GlobalSection(ProjectConfigurationPlatforms) = postSolution
		{2744C301-8609-4EE6-AC34-34A7F006ECE1}.Debug|Any CPU.ActiveCfg = Debug|Any CPU
		{2744C301-8609-4EE6-AC34-34A7F006ECE1}.Debug|Any CPU.Build.0 = Debug|Any CPU
		{2744C301-8609-4EE6-AC34-34A7F006ECE1}.Release|Any CPU.ActiveCfg = Release|Any CPU
		{2744C301-8609-4EE6-AC34-34A7F006ECE1}.Release|Any CPU.Build.0 = Release|Any CPU
		{E6E0BD40-395C-40CD-A276-D63D2CCFBB56}.Debug|Any CPU.ActiveCfg = Debug|Any CPU
		{E6E0BD40-395C-40CD-A276-D63D2CCFBB56}.Debug|Any CPU.Build.0 = Debug|Any CPU
		{E6E0BD40-395C-40CD-A276-D63D2CCFBB56}.Release|Any CPU.ActiveCfg = Release|Any CPU
		{E6E0BD40-395C-40CD-A276-D63D2CCFBB56}.Release|Any CPU.Build.0 = Release|Any CPU
	EndGlobalSection
	GlobalSection(SolutionProperties) = preSolution
		HideSolutionNode = FALSE
	EndGlobalSection
EndGlobal
